
Microsoft Visual Studio Solution File, Format Version 12.00
# Visual Studio 16
Project("{FAE04EC0-301F-11D3-BF4B-00C04F79EFBC}") = "Assembly-CSharp", "Assembly-CSharp.csproj", "{75A4EAB4-D2E9-3813-B419-137D149862BC}"
EndProject
Global
	GlobalSection(SolutionConfigurationPlatforms) = preSolution
		Debug|Any CPU = Debug|Any CPU
		Release|Any CPU = Release|Any CPU
	EndGlobalSection
	GlobalSection(ProjectConfigurationPlatforms) = postSolution
		{75A4EAB4-D2E9-3813-B419-137D149862BC}.Debug|Any CPU.ActiveCfg = Debug|Any CPU
		{75A4EAB4-D2E9-3813-B419-137D149862BC}.Debug|Any CPU.Build.0 = Debug|Any CPU
		{75A4EAB4-D2E9-3813-B419-137D149862BC}.Release|Any CPU.ActiveCfg = Release|Any CPU
		{75A4EAB4-D2E9-3813-B419-137D149862BC}.Release|Any CPU.Build.0 = Release|Any CPU
	EndGlobalSection
	GlobalSection(SolutionProperties) = preSolution
		HideSolutionNode = FALSE
	EndGlobalSection
EndGlobal
